// !$*UTF8*$!
{
	archiveVersion = 1;
	classes = {
	};
	objectVersion = 46;
	objects = {

/* Begin PBXBuildFile section */
		B822C86A140468D800F881B9 /* UIKit.framework in Frameworks */ = {isa = PBXBuildFile; fileRef = B822C869140468D800F881B9 /* UIKit.framework */; };
		B822C86C140468D800F881B9 /* Foundation.framework in Frameworks */ = {isa = PBXBuildFile; fileRef = B822C86B140468D800F881B9 /* Foundation.framework */; };
		B822C86E140468D800F881B9 /* CoreGraphics.framework in Frameworks */ = {isa = PBXBuildFile; fileRef = B822C86D140468D800F881B9 /* CoreGraphics.framework */; };
		B822C874140468D800F881B9 /* InfoPlist.strings in Resources */ = {isa = PBXBuildFile; fileRef = B822C872140468D800F881B9 /* InfoPlist.strings */; };
		B822C876140468D800F881B9 /* main.m in Sources */ = {isa = PBXBuildFile; fileRef = B822C875140468D800F881B9 /* main.m */; };
		B822C87A140468D800F881B9 /* FunWithUIWebViewAppDelegate.m in Sources */ = {isa = PBXBuildFile; fileRef = B822C879140468D800F881B9 /* FunWithUIWebViewAppDelegate.m */; };
		B822C87D140468D800F881B9 /* MainWindow.xib in Resources */ = {isa = PBXBuildFile; fileRef = B822C87B140468D800F881B9 /* MainWindow.xib */; };
		B822C880140468D800F881B9 /* FunWithUIWebViewViewController.m in Sources */ = {isa = PBXBuildFile; fileRef = B822C87F140468D800F881B9 /* FunWithUIWebViewViewController.m */; };
		B822C883140468D900F881B9 /* FunWithUIWebViewViewController.xib in Resources */ = {isa = PBXBuildFile; fileRef = B822C881140468D900F881B9 /* FunWithUIWebViewViewController.xib */; };
/* End PBXBuildFile section */

/* Begin PBXFileReference section */
		B822C865140468D800F881B9 /* FunWithUIWebView.app */ = {isa = PBXFileReference; explicitFileType = wrapper.application; includeInIndex = 0; path = FunWithUIWebView.app; sourceTree = BUILT_PRODUCTS_DIR; };
		B822C869140468D800F881B9 /* UIKit.framework */ = {isa = PBXFileReference; lastKnownFileType = wrapper.framework; name = UIKit.framework; path = System/Library/Frameworks/UIKit.framework; sourceTree = SDKROOT; };
		B822C86B140468D800F881B9 /* Foundation.framework */ = {isa = PBXFileReference; lastKnownFileType = wrapper.framework; name = Foundation.framework; path = System/Library/Frameworks/Foundation.framework; sourceTree = SDKROOT; };
		B822C86D140468D800F881B9 /* CoreGraphics.framework */ = {isa = PBXFileReference; lastKnownFileType = wrapper.framework; name = CoreGraphics.framework; path = System/Library/Frameworks/CoreGraphics.framework; sourceTree = SDKROOT; };
		B822C871140468D800F881B9 /* FunWithUIWebView-Info.plist */ = {isa = PBXFileReference; path = "FunWithUIWebView-Info.plist"; sourceTree = "<group>"; };
		B822C873140468D800F881B9 /* en */ = {isa = PBXFileReference; lastKnownFileType = text.plist.strings; name = en; path = en.lproj/InfoPlist.strings; sourceTree = "<group>"; };
		B822C875140468D800F881B9 /* main.m */ = {isa = PBXFileReference; lastKnownFileType = sourcecode.c.objc; path = main.m; sourceTree = "<group>"; };
		B822C877140468D800F881B9 /* FunWithUIWebView-Prefix.pch */ = {isa = PBXFileReference; path = "FunWithUIWebView-Prefix.pch"; sourceTree = "<group>"; };
		B822C878140468D800F881B9 /* FunWithUIWebViewAppDelegate.h */ = {isa = PBXFileReference; path = FunWithUIWebViewAppDelegate.h; sourceTree = "<group>"; };
		B822C879140468D800F881B9 /* FunWithUIWebViewAppDelegate.m */ = {isa = PBXFileReference; lastKnownFileType = sourcecode.c.objc; path = FunWithUIWebViewAppDelegate.m; sourceTree = "<group>"; };
		B822C87C140468D800F881B9 /* en */ = {isa = PBXFileReference; lastKnownFileType = file.xib; name = en; path = en.lproj/MainWindow.xib; sourceTree = "<group>"; };
		B822C87E140468D800F881B9 /* FunWithUIWebViewViewController.h */ = {isa = PBXFileReference; path = FunWithUIWebViewViewController.h; sourceTree = "<group>"; };
		B822C87F140468D800F881B9 /* FunWithUIWebViewViewController.m */ = {isa = PBXFileReference; lastKnownFileType = sourcecode.c.objc; path = FunWithUIWebViewViewController.m; sourceTree = "<group>"; };
		B822C882140468D900F881B9 /* en */ = {isa = PBXFileReference; lastKnownFileType = file.xib; name = en; path = en.lproj/FunWithUIWebViewViewController.xib; sourceTree = "<group>"; };
/* End PBXFileReference section */

/* Begin PBXFrameworksBuildPhase section */
		B822C862140468D800F881B9 /* Frameworks */ = {
			isa = PBXFrameworksBuildPhase;
			buildActionMask = 2147483647;
			files = (
				B822C86A140468D800F881B9 /* UIKit.framework in Frameworks */,
				B822C86C140468D800F881B9 /* Foundation.framework in Frameworks */,
				B822C86E140468D800F881B9 /* CoreGraphics.framework in Frameworks */,
			);
			runOnlyForDeploymentPostprocessing = 0;
		};
/* End PBXFrameworksBuildPhase section */

/* Begin PBXGroup section */
		B822C85A140468D800F881B9 = {
			isa = PBXGroup;
			children = (
				B822C86F140468D800F881B9 /* FunWithUIWebView */,
				B822C868140468D800F881B9 /* Frameworks */,
				B822C866140468D800F881B9 /* Products */,
			);
			sourceTree = "<group>";
		};
		B822C866140468D800F881B9 /* Products */ = {
			isa = PBXGroup;
			children = (
				B822C865140468D800F881B9 /* FunWithUIWebView.app */,
			);
			name = Products;
			sourceTree = "<group>";
		};
		B822C868140468D800F881B9 /* Frameworks */ = {
			isa = PBXGroup;
			children = (
				B822C869140468D800F881B9 /* UIKit.framework */,
				B822C86B140468D800F881B9 /* Foundation.framework */,
				B822C86D140468D800F881B9 /* CoreGraphics.framework */,
			);
			name = Frameworks;
			sourceTree = "<group>";
		};
		B822C86F140468D800F881B9 /* FunWithUIWebView */ = {
			isa = PBXGroup;
			children = (
				B822C878140468D800F881B9 /* FunWithUIWebViewAppDelegate.h */,
				B822C879140468D800F881B9 /* FunWithUIWebViewAppDelegate.m */,
				B822C87B140468D800F881B9 /* MainWindow.xib */,
				B822C87E140468D800F881B9 /* FunWithUIWebViewViewController.h */,
				B822C87F140468D800F881B9 /* FunWithUIWebViewViewController.m */,
				B822C881140468D900F881B9 /* FunWithUIWebViewViewController.xib */,
				B822C870140468D800F881B9 /* Supporting Files */,
			);
			path = FunWithUIWebView;
			sourceTree = "<group>";
		};
		B822C870140468D800F881B9 /* Supporting Files */ = {
			isa = PBXGroup;
			children = (
				B822C871140468D800F881B9 /* FunWithUIWebView-Info.plist */,
				B822C872140468D800F881B9 /* InfoPlist.strings */,
				B822C875140468D800F881B9 /* main.m */,
				B822C877140468D800F881B9 /* FunWithUIWebView-Prefix.pch */,
			);
			name = "Supporting Files";
			sourceTree = "<group>";
		};
/* End PBXGroup section */

/* Begin PBXNativeTarget section */
		B822C864140468D800F881B9 /* FunWithUIWebView */ = {
			isa = PBXNativeTarget;
			buildConfigurationList = B822C886140468D900F881B9 /* Build configuration list for PBXNativeTarget "FunWithUIWebView" */;
			buildPhases = (
				B822C861140468D800F881B9 /* Sources */,
				B822C862140468D800F881B9 /* Frameworks */,
				B822C863140468D800F881B9 /* Resources */,
			);
			buildRules = (
			);
			dependencies = (
			);
			name = FunWithUIWebView;
			productName = FunWithUIWebView;
			productReference = B822C865140468D800F881B9 /* FunWithUIWebView.app */;
			productType = "com.apple.product-type.application";
		};
/* End PBXNativeTarget section */

/* Begin PBXProject section */
		B822C85C140468D800F881B9 /* Project object */ = {
			isa = PBXProject;
			attributes = {
				ORGANIZATIONNAME = "Warm Fuzzy Apps LLC";
			};
			buildConfigurationList = B822C85F140468D800F881B9 /* Build configuration list for PBXProject "FunWithUIWebView" */;
			compatibilityVersion = "Xcode 3.2";
			developmentRegion = English;
			hasScannedForEncodings = 0;
			knownRegions = (
				en,
			);
			mainGroup = B822C85A140468D800F881B9;
			productRefGroup = B822C866140468D800F881B9 /* Products */;
			projectDirPath = "";
			projectRoot = "";
			targets = (
				B822C864140468D800F881B9 /* FunWithUIWebView */,
			);
		};
/* End PBXProject section */

/* Begin PBXResourcesBuildPhase section */
		B822C863140468D800F881B9 /* Resources */ = {
			isa = PBXResourcesBuildPhase;
			buildActionMask = 2147483647;
			files = (
				B822C874140468D800F881B9 /* InfoPlist.strings in Resources */,
				B822C87D140468D800F881B9 /* MainWindow.xib in Resources */,
				B822C883140468D900F881B9 /* FunWithUIWebViewViewController.xib in Resources */,
			);
			runOnlyForDeploymentPostprocessing = 0;
		};
/* End PBXResourcesBuildPhase section */

/* Begin PBXSourcesBuildPhase section */
		B822C861140468D800F881B9 /* Sources */ = {
			isa = PBXSourcesBuildPhase;
			buildActionMask = 2147483647;
			files = (
				B822C876140468D800F881B9 /* main.m in Sources */,
				B822C87A140468D800F881B9 /* FunWithUIWebViewAppDelegate.m in Sources */,
				B822C880140468D800F881B9 /* FunWithUIWebViewViewController.m in Sources */,
			);
			runOnlyForDeploymentPostprocessing = 0;
		};
/* End PBXSourcesBuildPhase section */

/* Begin PBXVariantGroup section */
		B822C872140468D800F881B9 /* InfoPlist.strings */ = {
			isa = PBXVariantGroup;
			children = (
				B822C873140468D800F881B9 /* en */,
			);
			name = InfoPlist.strings;
			sourceTree = "<group>";
		};
		B822C87B140468D800F881B9 /* MainWindow.xib */ = {
			isa = PBXVariantGroup;
			children = (
				B822C87C140468D800F881B9 /* en */,
			);
			name = MainWindow.xib;
			sourceTree = "<group>";
		};
		B822C881140468D900F881B9 /* FunWithUIWebViewViewController.xib */ = {
			isa = PBXVariantGroup;
			children = (
				B822C882140468D900F881B9 /* en */,
			);
			name = FunWithUIWebViewViewController.xib;
			sourceTree = "<group>";
		};
/* End PBXVariantGroup section */

/* Begin XCBuildConfiguration section */
		B822C884140468D900F881B9 /* Debug */ = {
			isa = XCBuildConfiguration;
			buildSettings = {
				ALWAYS_SEARCH_USER_PATHS = NO;
				ARCHS = "$(ARCHS_STANDARD_32_BIT)";
				"CODE_SIGN_IDENTITY[sdk=iphoneos*]" = "iPhone Developer";
				COPY_PHASE_STRIP = NO;
				GCC_C_LANGUAGE_STANDARD = gnu99;
				GCC_DYNAMIC_NO_PIC = NO;
				GCC_OPTIMIZATION_LEVEL = 0;
				GCC_PREPROCESSOR_DEFINITIONS = (
					"DEBUG=1",
					"$(inherited)",
				);
				GCC_SYMBOLS_PRIVATE_EXTERN = NO;
				GCC_VERSION = com.apple.compilers.llvmgcc42;
				GCC_WARN_ABOUT_MISSING_PROTOTYPES = YES;
				GCC_WARN_ABOUT_RETURN_TYPE = YES;
				GCC_WARN_UNUSED_VARIABLE = YES;
				IPHONEOS_DEPLOYMENT_TARGET = 4.3;
				SDKROOT = iphoneos;
			};
			name = Debug;
		};
		B822C885140468D900F881B9 /* Release */ = {
			isa = XCBuildConfiguration;
			buildSettings = {
				ALWAYS_SEARCH_USER_PATHS = NO;
				ARCHS = "$(ARCHS_STANDARD_32_BIT)";
				"CODE_SIGN_IDENTITY[sdk=iphoneos*]" = "iPhone Developer";
				COPY_PHASE_STRIP = YES;
				GCC_C_LANGUAGE_STANDARD = gnu99;
				GCC_VERSION = com.apple.compilers.llvmgcc42;
				GCC_WARN_ABOUT_MISSING_PROTOTYPES = YES;
				GCC_WARN_ABOUT_RETURN_TYPE = YES;
				GCC_WARN_UNUSED_VARIABLE = YES;
				IPHONEOS_DEPLOYMENT_TARGET = 4.3;
				OTHER_CFLAGS = "-DNS_BLOCK_ASSERTIONS=1";
				SDKROOT = iphoneos;
				VALIDATE_PRODUCT = YES;
			};
			name = Release;
		};
		B822C887140468D900F881B9 /* Debug */ = {
			isa = XCBuildConfiguration;
			buildSettings = {
				GCC_PRECOMPILE_PREFIX_HEADER = YES;
				GCC_PREFIX_HEADER = "FunWithUIWebView/FunWithUIWebView-Prefix.pch";
				INFOPLIST_FILE = "FunWithUIWebView/FunWithUIWebView-Info.plist";
				PRODUCT_NAME = "$(TARGET_NAME)";
				WRAPPER_EXTENSION = app;
			};
			name = Debug;
		};
		B822C888140468D900F881B9 /* Release */ = {
			isa = XCBuildConfiguration;
			buildSettings = {
				GCC_PRECOMPILE_PREFIX_HEADER = YES;
				GCC_PREFIX_HEADER = "FunWithUIWebView/FunWithUIWebView-Prefix.pch";
				INFOPLIST_FILE = "FunWithUIWebView/FunWithUIWebView-Info.plist";
				PRODUCT_NAME = "$(TARGET_NAME)";
				WRAPPER_EXTENSION = app;
			};
			name = Release;
		};
/* End XCBuildConfiguration section */

/* Begin XCConfigurationList section */
		B822C85F140468D800F881B9 /* Build configuration list for PBXProject "FunWithUIWebView" */ = {
			isa = XCConfigurationList;
			buildConfigurations = (
				B822C884140468D900F881B9 /* Debug */,
				B822C885140468D900F881B9 /* Release */,
			);
			defaultConfigurationIsVisible = 0;
			defaultConfigurationName = Release;
		};
		B822C886140468D900F881B9 /* Build configuration list for PBXNativeTarget "FunWithUIWebView" */ = {
			isa = XCConfigurationList;
			buildConfigurations = (
				B822C887140468D900F881B9 /* Debug */,
				B822C888140468D900F881B9 /* Release */,
			);
			defaultConfigurationIsVisible = 0;
		};
/* End XCConfigurationList section */
	};
	rootObject = B822C85C140468D800F881B9 /* Project object */;
}
